
Microsoft Visual Studio Solution File, Format Version 12.00
# Visual Studio Version 17
VisualStudioVersion = 17.0.31903.59
MinimumVisualStudioVersion = 10.0.40219.1
Project("{FAE04EC0-301F-11D3-BF4B-00C04F79EFBC}") = "SmartParking.Domain", "SmartParking.Domain\SmartParking.Domain.csproj", "{5C86B406-DC01-4373-8688-AA54CC99F77F}"
EndProject
Project("{FAE04EC0-301F-11D3-BF4B-00C04F79EFBC}") = "SmartParking.DataAccess", "SmartParking.DataAccess\SmartParking.DataAccess.csproj", "{50BB5F71-2B58-4D6F-8EFF-200ABFC4DC5E}"
EndProject
Project("{FAE04EC0-301F-11D3-BF4B-00C04F79EFBC}") = "SmartParking.Business", "SmartParking.Business\SmartParking.Business.csproj", "{88CF62D4-1C45-4002-9A89-D75178902FB3}"
EndProject
Project("{FAE04EC0-301F-11D3-BF4B-00C04F79EFBC}") = "SmartParking.Tests", "SmartParking.Tests\SmartParking.Tests.csproj", "{0F8539F3-6B86-428F-A61B-CFE1DDE19A3C}"
EndProject
Global
	GlobalSection(SolutionConfigurationPlatforms) = preSolution
		Debug|Any CPU = Debug|Any CPU
		Debug|x64 = Debug|x64
		Debug|x86 = Debug|x86
		Release|Any CPU = Release|Any CPU
		Release|x64 = Release|x64
		Release|x86 = Release|x86
	EndGlobalSection
	GlobalSection(ProjectConfigurationPlatforms) = postSolution
		{5C86B406-DC01-4373-8688-AA54CC99F77F}.Debug|Any CPU.ActiveCfg = Debug|Any CPU
		{5C86B406-DC01-4373-8688-AA54CC99F77F}.Debug|Any CPU.Build.0 = Debug|Any CPU
		{5C86B406-DC01-4373-8688-AA54CC99F77F}.Debug|x64.ActiveCfg = Debug|Any CPU
		{5C86B406-DC01-4373-8688-AA54CC99F77F}.Debug|x64.Build.0 = Debug|Any CPU
		{5C86B406-DC01-4373-8688-AA54CC99F77F}.Debug|x86.ActiveCfg = Debug|Any CPU
		{5C86B406-DC01-4373-8688-AA54CC99F77F}.Debug|x86.Build.0 = Debug|Any CPU
		{5C86B406-DC01-4373-8688-AA54CC99F77F}.Release|Any CPU.ActiveCfg = Release|Any CPU
		{5C86B406-DC01-4373-8688-AA54CC99F77F}.Release|Any CPU.Build.0 = Release|Any CPU
		{5C86B406-DC01-4373-8688-AA54CC99F77F}.Release|x64.ActiveCfg = Release|Any CPU
		{5C86B406-DC01-4373-8688-AA54CC99F77F}.Release|x64.Build.0 = Release|Any CPU
		{5C86B406-DC01-4373-8688-AA54CC99F77F}.Release|x86.ActiveCfg = Release|Any CPU
		{5C86B406-DC01-4373-8688-AA54CC99F77F}.Release|x86.Build.0 = Release|Any CPU
		{50BB5F71-2B58-4D6F-8EFF-200ABFC4DC5E}.Debug|Any CPU.ActiveCfg = Debug|Any CPU
		{50BB5F71-2B58-4D6F-8EFF-200ABFC4DC5E}.Debug|Any CPU.Build.0 = Debug|Any CPU
		{50BB5F71-2B58-4D6F-8EFF-200ABFC4DC5E}.Debug|x64.ActiveCfg = Debug|Any CPU
		{50BB5F71-2B58-4D6F-8EFF-200ABFC4DC5E}.Debug|x64.Build.0 = Debug|Any CPU
		{50BB5F71-2B58-4D6F-8EFF-200ABFC4DC5E}.Debug|x86.ActiveCfg = Debug|Any CPU
		{50BB5F71-2B58-4D6F-8EFF-200ABFC4DC5E}.Debug|x86.Build.0 = Debug|Any CPU
		{50BB5F71-2B58-4D6F-8EFF-200ABFC4DC5E}.Release|Any CPU.ActiveCfg = Release|Any CPU
		{50BB5F71-2B58-4D6F-8EFF-200ABFC4DC5E}.Release|Any CPU.Build.0 = Release|Any CPU
		{50BB5F71-2B58-4D6F-8EFF-200ABFC4DC5E}.Release|x64.ActiveCfg = Release|Any CPU
		{50BB5F71-2B58-4D6F-8EFF-200ABFC4DC5E}.Release|x64.Build.0 = Release|Any CPU
		{50BB5F71-2B58-4D6F-8EFF-200ABFC4DC5E}.Release|x86.ActiveCfg = Release|Any CPU
		{50BB5F71-2B58-4D6F-8EFF-200ABFC4DC5E}.Release|x86.Build.0 = Release|Any CPU
		{88CF62D4-1C45-4002-9A89-D75178902FB3}.Debug|Any CPU.ActiveCfg = Debug|Any CPU
		{88CF62D4-1C45-4002-9A89-D75178902FB3}.Debug|Any CPU.Build.0 = Debug|Any CPU
		{88CF62D4-1C45-4002-9A89-D75178902FB3}.Debug|x64.ActiveCfg = Debug|Any CPU
		{88CF62D4-1C45-4002-9A89-D75178902FB3}.Debug|x64.Build.0 = Debug|Any CPU
		{88CF62D4-1C45-4002-9A89-D75178902FB3}.Debug|x86.ActiveCfg = Debug|Any CPU
		{88CF62D4-1C45-4002-9A89-D75178902FB3}.Debug|x86.Build.0 = Debug|Any CPU
		{88CF62D4-1C45-4002-9A89-D75178902FB3}.Release|Any CPU.ActiveCfg = Release|Any CPU
		{88CF62D4-1C45-4002-9A89-D75178902FB3}.Release|Any CPU.Build.0 = Release|Any CPU
		{88CF62D4-1C45-4002-9A89-D75178902FB3}.Release|x64.ActiveCfg = Release|Any CPU
		{88CF62D4-1C45-4002-9A89-D75178902FB3}.Release|x64.Build.0 = Release|Any CPU
		{88CF62D4-1C45-4002-9A89-D75178902FB3}.Release|x86.ActiveCfg = Release|Any CPU
		{88CF62D4-1C45-4002-9A89-D75178902FB3}.Release|x86.Build.0 = Release|Any CPU
		{0F8539F3-6B86-428F-A61B-CFE1DDE19A3C}.Debug|Any CPU.ActiveCfg = Debug|Any CPU
		{0F8539F3-6B86-428F-A61B-CFE1DDE19A3C}.Debug|Any CPU.Build.0 = Debug|Any CPU
		{0F8539F3-6B86-428F-A61B-CFE1DDE19A3C}.Debug|x64.ActiveCfg = Debug|Any CPU
		{0F8539F3-6B86-428F-A61B-CFE1DDE19A3C}.Debug|x64.Build.0 = Debug|Any CPU
		{0F8539F3-6B86-428F-A61B-CFE1DDE19A3C}.Debug|x86.ActiveCfg = Debug|Any CPU
		{0F8539F3-6B86-428F-A61B-CFE1DDE19A3C}.Debug|x86.Build.0 = Debug|Any CPU
		{0F8539F3-6B86-428F-A61B-CFE1DDE19A3C}.Release|Any CPU.ActiveCfg = Release|Any CPU
		{0F8539F3-6B86-428F-A61B-CFE1DDE19A3C}.Release|Any CPU.Build.0 = Release|Any CPU
		{0F8539F3-6B86-428F-A61B-CFE1DDE19A3C}.Release|x64.ActiveCfg = Release|Any CPU
		{0F8539F3-6B86-428F-A61B-CFE1DDE19A3C}.Release|x64.Build.0 = Release|Any CPU
		{0F8539F3-6B86-428F-A61B-CFE1DDE19A3C}.Release|x86.ActiveCfg = Release|Any CPU
		{0F8539F3-6B86-428F-A61B-CFE1DDE19A3C}.Release|x86.Build.0 = Release|Any CPU
	EndGlobalSection
	GlobalSection(SolutionProperties) = preSolution
		HideSolutionNode = FALSE
	EndGlobalSection
EndGlobal
